
Microsoft Visual Studio Solution File, Format Version 12.00
# Visual Studio Version 17
VisualStudioVersion = 17.4.33213.308
MinimumVisualStudioVersion = 10.0.40219.1
Project("{FAE04EC0-301F-11D3-BF4B-00C04F79EFBC}") = "WindowsFormsApp2", "WindowsFormsApp2\WindowsFormsApp2.csproj", "{A58DB792-6CC6-4202-9B2A-7133BB2C2D05}"
EndProject
Global
	GlobalSection(SolutionConfigurationPlatforms) = preSolution
		Debug|Any CPU = Debug|Any CPU
		Release|Any CPU = Release|Any CPU
	EndGlobalSection
	GlobalSection(ProjectConfigurationPlatforms) = postSolution
		{A58DB792-6CC6-4202-9B2A-7133BB2C2D05}.Debug|Any CPU.ActiveCfg = Debug|Any CPU
		{A58DB792-6CC6-4202-9B2A-7133BB2C2D05}.Debug|Any CPU.Build.0 = Debug|Any CPU
		{A58DB792-6CC6-4202-9B2A-7133BB2C2D05}.Release|Any CPU.ActiveCfg = Release|Any CPU
		{A58DB792-6CC6-4202-9B2A-7133BB2C2D05}.Release|Any CPU.Build.0 = Release|Any CPU
	EndGlobalSection
	GlobalSection(SolutionProperties) = preSolution
		HideSolutionNode = FALSE
	EndGlobalSection
	GlobalSection(ExtensibilityGlobals) = postSolution
		SolutionGuid = {C74583FC-D046-47AF-88E8-C78363C2FCB0}
	EndGlobalSection
EndGlobal
